
Microsoft Visual Studio Solution File, Format Version 12.00
# Visual Studio Version 17
VisualStudioVersion = 17.14.36310.24
MinimumVisualStudioVersion = 10.0.40219.1
Project("{FAE04EC0-301F-11D3-BF4B-00C04F79EFBC}") = "Driving & Vehicle License Department (DVLD) Project", "Driving & Vehicle License Department (DVLD) Project.csproj", "{6E0131DD-1D70-4C29-B6A8-8D5C46C43426}"
EndProject
Project("{FAE04EC0-301F-11D3-BF4B-00C04F79EFBC}") = "frmPeople", "..\frmPeople\frmPeople.csproj", "{89F1EB5A-A9D5-4A50-A81D-2612B0D54BAF}"
EndProject
Project("{FAE04EC0-301F-11D3-BF4B-00C04F79EFBC}") = "ClsPersonBusiness", "..\DVLDBusinessLayer\ClsPersonBusiness.csproj", "{57501BB2-D8FC-4EB8-A5C7-A392EB8FB19B}"
EndProject
Project("{FAE04EC0-301F-11D3-BF4B-00C04F79EFBC}") = "DVLDDataLayer", "..\DVLDDataLayer\DVLDDataLayer.csproj", "{483A049D-B66D-480C-B519-52B34DEC1994}"
EndProject
Project("{FAE04EC0-301F-11D3-BF4B-00C04F79EFBC}") = "ClsPerson", "..\ClsPerson\ClsPerson.csproj", "{2FD3A442-C86C-4149-870E-A92C9349F5FA}"
EndProject
Project("{FAE04EC0-301F-11D3-BF4B-00C04F79EFBC}") = "DVLD_Controls", "..\DVLD_Controls\DVLD_Controls.csproj", "{670307C2-BCE8-4859-81DC-0163F7DB8F80}"
EndProject
Project("{FAE04EC0-301F-11D3-BF4B-00C04F79EFBC}") = "frmAddUpdate_Person", "..\frmEdit_Person\frmAddUpdate_Person.csproj", "{94D26218-0D32-4B2C-8297-6C69EFACA5ED}"
EndProject
Project("{FAE04EC0-301F-11D3-BF4B-00C04F79EFBC}") = "frmShowPersonDetails", "..\frmShowPersonDetails\frmShowPersonDetails.csproj", "{8CA8B2D6-FC89-4FFE-AD55-77FA83460AC3}"
EndProject
Project("{FAE04EC0-301F-11D3-BF4B-00C04F79EFBC}") = "DVLD_Validations_0", "..\DVLD_Validations_0\DVLD_Validations_0.csproj", "{315A23FE-28FF-4896-B101-746CE174B488}"
EndProject
Project("{FAE04EC0-301F-11D3-BF4B-00C04F79EFBC}") = "FrmAddNewUser_", "..\FrmAddNewUser_\FrmAddNewUser_.csproj", "{0053C700-A812-4B44-B1C1-794FC06D14E6}"
EndProject
Project("{FAE04EC0-301F-11D3-BF4B-00C04F79EFBC}") = "ClsUserData", "..\ClsUserData\ClsUserData.csproj", "{5C4C382B-733B-4120-882C-3889D5B8D812}"
EndProject
Project("{FAE04EC0-301F-11D3-BF4B-00C04F79EFBC}") = "ClsUser_B", "..\ClsUser_B\ClsUser_B.csproj", "{7EB37C3C-1BFA-466C-997A-705463BEA53F}"
EndProject
Project("{FAE04EC0-301F-11D3-BF4B-00C04F79EFBC}") = "Operations_", "..\Operations_\Operations_.csproj", "{C9AA2C57-DB51-49A9-BEB9-A0B98BAF5718}"
EndProject
Project("{FAE04EC0-301F-11D3-BF4B-00C04F79EFBC}") = "frmChangePassword", "..\frmChangePassword\frmChangePassword.csproj", "{DA1A4C4D-F488-4CA0-95F3-A29FC8B9FC5A}"
EndProject
Project("{FAE04EC0-301F-11D3-BF4B-00C04F79EFBC}") = "frmCurrentUser", "..\frmCurrentUser\frmCurrentUser.csproj", "{CE445A6D-C489-4B64-BD46-6C718B459131}"
EndProject
Project("{2150E333-8FDC-42A3-9474-1A3956D46DE8}") = "People", "People", "{02EA681E-C7D8-13C7-8484-4AC65E1B71E8}"
EndProject
Project("{2150E333-8FDC-42A3-9474-1A3956D46DE8}") = "Users", "Users", "{14B3B92C-5191-40B6-9222-7D25D1D7508E}"
EndProject
Project("{FAE04EC0-301F-11D3-BF4B-00C04F79EFBC}") = "ClsCurrentUser", "..\ClsCurrentUser\ClsCurrentUser.csproj", "{EC391590-D8FD-4B37-B529-D3616830EA8F}"
EndProject
Project("{FAE04EC0-301F-11D3-BF4B-00C04F79EFBC}") = "frmApplicationTypes", "..\frmApplicationTypes\frmApplicationTypes.csproj", "{FF92183D-6CEE-4DFA-9621-73EDF6E27DA6}"
EndProject
Project("{2150E333-8FDC-42A3-9474-1A3956D46DE8}") = "Applications", "Applications", "{DEC0D9EF-01BD-4CC0-8A24-11FF1AA5205B}"
EndProject
Project("{FAE04EC0-301F-11D3-BF4B-00C04F79EFBC}") = "ClsAppTypesDataLayer", "..\ClsAppTypesDataLayer\ClsAppTypesDataLayer.csproj", "{C5C86762-4A1B-4A72-B914-5C316789FA74}"
EndProject
Project("{FAE04EC0-301F-11D3-BF4B-00C04F79EFBC}") = "ClsAppTypesBusinessLayer", "..\ClsAppTypesBusinessLayer\ClsAppTypesBusinessLayer.csproj", "{8F7649C8-926B-4D1E-9AF7-93C937E56E57}"
EndProject
Project("{FAE04EC0-301F-11D3-BF4B-00C04F79EFBC}") = "frmUpdateAppTypes", "..\frmUpdateAppTypes\frmUpdateAppTypes.csproj", "{D18BD351-BE92-4697-BC14-D78DFD9C9E68}"
EndProject
Project("{FAE04EC0-301F-11D3-BF4B-00C04F79EFBC}") = "frmManageTestTypes", "..\frmManageTestTypes\frmManageTestTypes.csproj", "{7442B37F-4C19-42E8-B931-6B3250DB05C1}"
EndProject
Project("{FAE04EC0-301F-11D3-BF4B-00C04F79EFBC}") = "nClsTestTypesDataLayer", "..\ClsAppTestTypes\nClsTestTypesDataLayer.csproj", "{A1B4E7E4-8A61-4440-AB28-0F9FA2ACA2E6}"
EndProject
Project("{FAE04EC0-301F-11D3-BF4B-00C04F79EFBC}") = "nClsTestTypeBusinessLayer", "..\ClsTestTypeBusinessLayer\nClsTestTypeBusinessLayer.csproj", "{8A606ACC-99B8-457E-8542-0AC6D044EB96}"
EndProject
Project("{FAE04EC0-301F-11D3-BF4B-00C04F79EFBC}") = "nfrmEditTestType", "..\frmEditTestType\nfrmEditTestType.csproj", "{279DB886-0B9A-42DD-A1EC-B3A1CCFC1434}"
EndProject
Project("{2150E333-8FDC-42A3-9474-1A3956D46DE8}") = "testType", "testType", "{AD13E58D-0EA8-4F51-9F31-9B0E12DC8BD7}"
EndProject
Project("{FAE04EC0-301F-11D3-BF4B-00C04F79EFBC}") = "frmNewLocalLicense", "..\frmNewLocalLicense\frmNewLocalLicense.csproj", "{7985CB96-66B9-4619-A277-7F66A70DFF6E}"
EndProject
Project("{FAE04EC0-301F-11D3-BF4B-00C04F79EFBC}") = "LocalDrivingLicenseList", "..\LocalDrivingLicenseList\LocalDrivingLicenseList.csproj", "{0D0E274F-E8D0-4426-9974-8A19B74E36C3}"
EndProject
Project("{2150E333-8FDC-42A3-9474-1A3956D46DE8}") = "Local App", "Local App", "{B4A5C0F8-22D2-46A3-B952-9ECBC0BC4AC6}"
EndProject
Project("{FAE04EC0-301F-11D3-BF4B-00C04F79EFBC}") = "nClsLocalAppLicenseBusinessLayer", "..\nClsLocalAppLicenseBusinessLayer\nClsLocalAppLicenseBusinessLayer.csproj", "{94CDB73F-0065-4815-83EF-64C204C6B8D5}"
EndProject
Project("{FAE04EC0-301F-11D3-BF4B-00C04F79EFBC}") = "nClsLocalDrivingLicenseDataLayer", "..\ClsLocalDrivingLicense\nClsLocalDrivingLicenseDataLayer.csproj", "{73B8FA97-B709-4336-BB90-3CF039D62778}"
EndProject
Project("{FAE04EC0-301F-11D3-BF4B-00C04F79EFBC}") = "nfrmVtionTestAppointment", "..\frmViotion\nfrmVtionTestAppointment.csproj", "{E6FFD8F4-01FD-4045-A5E2-3E3B6AEF5D32}"
EndProject
Project("{FAE04EC0-301F-11D3-BF4B-00C04F79EFBC}") = "clsDVLDControls", "..\clsDVLDControls\clsDVLDControls.csproj", "{B5C10D61-42FE-4F45-9484-20A41A608E87}"
EndProject
Project("{FAE04EC0-301F-11D3-BF4B-00C04F79EFBC}") = "frmSchedule-edTest", "..\frmSchedule-edTest\frmSchedule-edTest.csproj", "{08AEDAFA-EBF6-4CF2-AD95-2DDAEF4FA90D}"
EndProject
Project("{2150E333-8FDC-42A3-9474-1A3956D46DE8}") = "Tests", "Tests", "{76F6E929-8BE6-4F6B-B84B-2EF3900F0014}"
EndProject
Project("{FAE04EC0-301F-11D3-BF4B-00C04F79EFBC}") = "ClsTestsDataLayer", "..\ClsTestsDataLayer\ClsTestsDataLayer.csproj", "{01795F00-C3E2-4C51-8BEB-76501CD11B84}"
EndProject
Project("{FAE04EC0-301F-11D3-BF4B-00C04F79EFBC}") = "ClsTestsBusinessLayer", "..\ClsTestsBusinessLayer\ClsTestsBusinessLayer.csproj", "{4F3801AF-7D2A-4420-B5A6-9B64E20E951B}"
EndProject
Project("{2150E333-8FDC-42A3-9474-1A3956D46DE8}") = "Licenes", "Licenes", "{27689D50-3C5E-4BAE-AB2D-4F1AA6899C65}"
EndProject
Project("{FAE04EC0-301F-11D3-BF4B-00C04F79EFBC}") = "nClsLicenesDataLayer", "..\nClsLicenesDataLayer\nClsLicenesDataLayer.csproj", "{830FA0B6-2BC7-401D-9B8F-F0AA5BA45C2E}"
EndProject
Project("{FAE04EC0-301F-11D3-BF4B-00C04F79EFBC}") = "nClsLicenseBusinessLayer", "..\nClsLicenseBusinessLayer\nClsLicenseBusinessLayer.csproj", "{AD81FC10-32CE-4689-805C-3DADAC8C82D6}"
EndProject
Project("{2150E333-8FDC-42A3-9474-1A3956D46DE8}") = "Drivers", "Drivers", "{5BE1BDF5-5782-4A1F-ACDE-5513B571E50D}"
EndProject
Project("{FAE04EC0-301F-11D3-BF4B-00C04F79EFBC}") = "DriversDataLayer", "..\DriversDataLayer\DriversDataLayer.csproj", "{AF8C77C2-499A-4A58-94BD-E56B23F474EF}"
EndProject
Project("{FAE04EC0-301F-11D3-BF4B-00C04F79EFBC}") = "DriversBusinessLayer", "..\DriversBusinessLayer\DriversBusinessLayer.csproj", "{D518F8FE-4A4C-4634-87E6-0F3999531737}"
EndProject
Project("{2150E333-8FDC-42A3-9474-1A3956D46DE8}") = "International License", "International License", "{A924352A-19F9-4E5F-B5E8-5E950F48EEA2}"
EndProject
Project("{FAE04EC0-301F-11D3-BF4B-00C04F79EFBC}") = "ClsInternationalLicenseBusinessLayer", "..\ClsInternationalLicenseBusinessLayer\ClsInternationalLicenseBusinessLayer.csproj", "{42E9006E-DAE6-442D-9714-F0F31937B2DA}"
EndProject
Project("{FAE04EC0-301F-11D3-BF4B-00C04F79EFBC}") = "ClsInternationalDataLayer", "..\ClsInternationalDataLayer\ClsInternationalDataLayer.csproj", "{94392AA8-E1E9-43B9-BD34-D3BD3DF2BCCA}"
EndProject
Project("{FAE04EC0-301F-11D3-BF4B-00C04F79EFBC}") = "frmShowInternationalLicenseInfo", "..\frmShowInternationalLicenseInfo\frmShowInternationalLicenseInfo.csproj", "{C249C420-55D8-4133-8C7A-1A110556B7DC}"
EndProject
Project("{2150E333-8FDC-42A3-9474-1A3956D46DE8}") = "Detain License", "Detain License", "{2ED9941E-BF8E-47D9-BA53-1041DE07865C}"
EndProject
Project("{FAE04EC0-301F-11D3-BF4B-00C04F79EFBC}") = "clsDetainLicenseBusinessLayer", "..\clsDetainLicenseBusinessLayer\clsDetainLicenseBusinessLayer.csproj", "{9D3F3CA0-E7E5-4162-8A64-85D3DD20220E}"
EndProject
Project("{FAE04EC0-301F-11D3-BF4B-00C04F79EFBC}") = "clsDetainLicenseDataLayer", "..\clsDetainLicenseDataLayer\clsDetainLicenseDataLayer.csproj", "{45F6731E-6F5C-43FE-B639-1A5D87960F1B}"
EndProject
Global
	GlobalSection(SolutionConfigurationPlatforms) = preSolution
		Debug|Any CPU = Debug|Any CPU
		Release|Any CPU = Release|Any CPU
	EndGlobalSection
	GlobalSection(ProjectConfigurationPlatforms) = postSolution
		{6E0131DD-1D70-4C29-B6A8-8D5C46C43426}.Debug|Any CPU.ActiveCfg = Debug|Any CPU
		{6E0131DD-1D70-4C29-B6A8-8D5C46C43426}.Debug|Any CPU.Build.0 = Debug|Any CPU
		{6E0131DD-1D70-4C29-B6A8-8D5C46C43426}.Release|Any CPU.ActiveCfg = Release|Any CPU
		{6E0131DD-1D70-4C29-B6A8-8D5C46C43426}.Release|Any CPU.Build.0 = Release|Any CPU
		{89F1EB5A-A9D5-4A50-A81D-2612B0D54BAF}.Debug|Any CPU.ActiveCfg = Debug|Any CPU
		{89F1EB5A-A9D5-4A50-A81D-2612B0D54BAF}.Debug|Any CPU.Build.0 = Debug|Any CPU
		{89F1EB5A-A9D5-4A50-A81D-2612B0D54BAF}.Release|Any CPU.ActiveCfg = Release|Any CPU
		{89F1EB5A-A9D5-4A50-A81D-2612B0D54BAF}.Release|Any CPU.Build.0 = Release|Any CPU
		{57501BB2-D8FC-4EB8-A5C7-A392EB8FB19B}.Debug|Any CPU.ActiveCfg = Debug|Any CPU
		{57501BB2-D8FC-4EB8-A5C7-A392EB8FB19B}.Debug|Any CPU.Build.0 = Debug|Any CPU
		{57501BB2-D8FC-4EB8-A5C7-A392EB8FB19B}.Release|Any CPU.ActiveCfg = Release|Any CPU
		{57501BB2-D8FC-4EB8-A5C7-A392EB8FB19B}.Release|Any CPU.Build.0 = Release|Any CPU
		{483A049D-B66D-480C-B519-52B34DEC1994}.Debug|Any CPU.ActiveCfg = Debug|Any CPU
		{483A049D-B66D-480C-B519-52B34DEC1994}.Debug|Any CPU.Build.0 = Debug|Any CPU
		{483A049D-B66D-480C-B519-52B34DEC1994}.Release|Any CPU.ActiveCfg = Release|Any CPU
		{483A049D-B66D-480C-B519-52B34DEC1994}.Release|Any CPU.Build.0 = Release|Any CPU
		{2FD3A442-C86C-4149-870E-A92C9349F5FA}.Debug|Any CPU.ActiveCfg = Debug|Any CPU
		{2FD3A442-C86C-4149-870E-A92C9349F5FA}.Debug|Any CPU.Build.0 = Debug|Any CPU
		{2FD3A442-C86C-4149-870E-A92C9349F5FA}.Release|Any CPU.ActiveCfg = Release|Any CPU
		{2FD3A442-C86C-4149-870E-A92C9349F5FA}.Release|Any CPU.Build.0 = Release|Any CPU
		{670307C2-BCE8-4859-81DC-0163F7DB8F80}.Debug|Any CPU.ActiveCfg = Debug|Any CPU
		{670307C2-BCE8-4859-81DC-0163F7DB8F80}.Debug|Any CPU.Build.0 = Debug|Any CPU
		{670307C2-BCE8-4859-81DC-0163F7DB8F80}.Release|Any CPU.ActiveCfg = Release|Any CPU
		{670307C2-BCE8-4859-81DC-0163F7DB8F80}.Release|Any CPU.Build.0 = Release|Any CPU
		{94D26218-0D32-4B2C-8297-6C69EFACA5ED}.Debug|Any CPU.ActiveCfg = Debug|Any CPU
		{94D26218-0D32-4B2C-8297-6C69EFACA5ED}.Debug|Any CPU.Build.0 = Debug|Any CPU
		{94D26218-0D32-4B2C-8297-6C69EFACA5ED}.Release|Any CPU.ActiveCfg = Release|Any CPU
		{94D26218-0D32-4B2C-8297-6C69EFACA5ED}.Release|Any CPU.Build.0 = Release|Any CPU
		{8CA8B2D6-FC89-4FFE-AD55-77FA83460AC3}.Debug|Any CPU.ActiveCfg = Debug|Any CPU
		{8CA8B2D6-FC89-4FFE-AD55-77FA83460AC3}.Debug|Any CPU.Build.0 = Debug|Any CPU
		{8CA8B2D6-FC89-4FFE-AD55-77FA83460AC3}.Release|Any CPU.ActiveCfg = Release|Any CPU
		{8CA8B2D6-FC89-4FFE-AD55-77FA83460AC3}.Release|Any CPU.Build.0 = Release|Any CPU
		{315A23FE-28FF-4896-B101-746CE174B488}.Debug|Any CPU.ActiveCfg = Debug|Any CPU
		{315A23FE-28FF-4896-B101-746CE174B488}.Debug|Any CPU.Build.0 = Debug|Any CPU
		{315A23FE-28FF-4896-B101-746CE174B488}.Release|Any CPU.ActiveCfg = Release|Any CPU
		{315A23FE-28FF-4896-B101-746CE174B488}.Release|Any CPU.Build.0 = Release|Any CPU
		{0053C700-A812-4B44-B1C1-794FC06D14E6}.Debug|Any CPU.ActiveCfg = Debug|Any CPU
		{0053C700-A812-4B44-B1C1-794FC06D14E6}.Debug|Any CPU.Build.0 = Debug|Any CPU
		{0053C700-A812-4B44-B1C1-794FC06D14E6}.Release|Any CPU.ActiveCfg = Release|Any CPU
		{0053C700-A812-4B44-B1C1-794FC06D14E6}.Release|Any CPU.Build.0 = Release|Any CPU
		{5C4C382B-733B-4120-882C-3889D5B8D812}.Debug|Any CPU.ActiveCfg = Debug|Any CPU
		{5C4C382B-733B-4120-882C-3889D5B8D812}.Debug|Any CPU.Build.0 = Debug|Any CPU
		{5C4C382B-733B-4120-882C-3889D5B8D812}.Release|Any CPU.ActiveCfg = Release|Any CPU
		{5C4C382B-733B-4120-882C-3889D5B8D812}.Release|Any CPU.Build.0 = Release|Any CPU
		{7EB37C3C-1BFA-466C-997A-705463BEA53F}.Debug|Any CPU.ActiveCfg = Debug|Any CPU
		{7EB37C3C-1BFA-466C-997A-705463BEA53F}.Debug|Any CPU.Build.0 = Debug|Any CPU
		{7EB37C3C-1BFA-466C-997A-705463BEA53F}.Release|Any CPU.ActiveCfg = Release|Any CPU
		{7EB37C3C-1BFA-466C-997A-705463BEA53F}.Release|Any CPU.Build.0 = Release|Any CPU
		{C9AA2C57-DB51-49A9-BEB9-A0B98BAF5718}.Debug|Any CPU.ActiveCfg = Debug|Any CPU
		{C9AA2C57-DB51-49A9-BEB9-A0B98BAF5718}.Debug|Any CPU.Build.0 = Debug|Any CPU
		{C9AA2C57-DB51-49A9-BEB9-A0B98BAF5718}.Release|Any CPU.ActiveCfg = Release|Any CPU
		{C9AA2C57-DB51-49A9-BEB9-A0B98BAF5718}.Release|Any CPU.Build.0 = Release|Any CPU
		{DA1A4C4D-F488-4CA0-95F3-A29FC8B9FC5A}.Debug|Any CPU.ActiveCfg = Debug|Any CPU
		{DA1A4C4D-F488-4CA0-95F3-A29FC8B9FC5A}.Debug|Any CPU.Build.0 = Debug|Any CPU
		{DA1A4C4D-F488-4CA0-95F3-A29FC8B9FC5A}.Release|Any CPU.ActiveCfg = Release|Any CPU
		{DA1A4C4D-F488-4CA0-95F3-A29FC8B9FC5A}.Release|Any CPU.Build.0 = Release|Any CPU
		{CE445A6D-C489-4B64-BD46-6C718B459131}.Debug|Any CPU.ActiveCfg = Debug|Any CPU
		{CE445A6D-C489-4B64-BD46-6C718B459131}.Debug|Any CPU.Build.0 = Debug|Any CPU
		{CE445A6D-C489-4B64-BD46-6C718B459131}.Release|Any CPU.ActiveCfg = Release|Any CPU
		{CE445A6D-C489-4B64-BD46-6C718B459131}.Release|Any CPU.Build.0 = Release|Any CPU
		{EC391590-D8FD-4B37-B529-D3616830EA8F}.Debug|Any CPU.ActiveCfg = Debug|Any CPU
		{EC391590-D8FD-4B37-B529-D3616830EA8F}.Debug|Any CPU.Build.0 = Debug|Any CPU
		{EC391590-D8FD-4B37-B529-D3616830EA8F}.Release|Any CPU.ActiveCfg = Release|Any CPU
		{EC391590-D8FD-4B37-B529-D3616830EA8F}.Release|Any CPU.Build.0 = Release|Any CPU
		{FF92183D-6CEE-4DFA-9621-73EDF6E27DA6}.Debug|Any CPU.ActiveCfg = Debug|Any CPU
		{FF92183D-6CEE-4DFA-9621-73EDF6E27DA6}.Debug|Any CPU.Build.0 = Debug|Any CPU
		{FF92183D-6CEE-4DFA-9621-73EDF6E27DA6}.Release|Any CPU.ActiveCfg = Release|Any CPU
		{FF92183D-6CEE-4DFA-9621-73EDF6E27DA6}.Release|Any CPU.Build.0 = Release|Any CPU
		{C5C86762-4A1B-4A72-B914-5C316789FA74}.Debug|Any CPU.ActiveCfg = Debug|Any CPU
		{C5C86762-4A1B-4A72-B914-5C316789FA74}.Debug|Any CPU.Build.0 = Debug|Any CPU
		{C5C86762-4A1B-4A72-B914-5C316789FA74}.Release|Any CPU.ActiveCfg = Release|Any CPU
		{C5C86762-4A1B-4A72-B914-5C316789FA74}.Release|Any CPU.Build.0 = Release|Any CPU
		{8F7649C8-926B-4D1E-9AF7-93C937E56E57}.Debug|Any CPU.ActiveCfg = Debug|Any CPU
		{8F7649C8-926B-4D1E-9AF7-93C937E56E57}.Debug|Any CPU.Build.0 = Debug|Any CPU
		{8F7649C8-926B-4D1E-9AF7-93C937E56E57}.Release|Any CPU.ActiveCfg = Release|Any CPU
		{8F7649C8-926B-4D1E-9AF7-93C937E56E57}.Release|Any CPU.Build.0 = Release|Any CPU
		{D18BD351-BE92-4697-BC14-D78DFD9C9E68}.Debug|Any CPU.ActiveCfg = Debug|Any CPU
		{D18BD351-BE92-4697-BC14-D78DFD9C9E68}.Debug|Any CPU.Build.0 = Debug|Any CPU
		{D18BD351-BE92-4697-BC14-D78DFD9C9E68}.Release|Any CPU.ActiveCfg = Release|Any CPU
		{D18BD351-BE92-4697-BC14-D78DFD9C9E68}.Release|Any CPU.Build.0 = Release|Any CPU
		{7442B37F-4C19-42E8-B931-6B3250DB05C1}.Debug|Any CPU.ActiveCfg = Debug|Any CPU
		{7442B37F-4C19-42E8-B931-6B3250DB05C1}.Debug|Any CPU.Build.0 = Debug|Any CPU
		{7442B37F-4C19-42E8-B931-6B3250DB05C1}.Release|Any CPU.ActiveCfg = Release|Any CPU
		{7442B37F-4C19-42E8-B931-6B3250DB05C1}.Release|Any CPU.Build.0 = Release|Any CPU
		{A1B4E7E4-8A61-4440-AB28-0F9FA2ACA2E6}.Debug|Any CPU.ActiveCfg = Debug|Any CPU
		{A1B4E7E4-8A61-4440-AB28-0F9FA2ACA2E6}.Debug|Any CPU.Build.0 = Debug|Any CPU
		{A1B4E7E4-8A61-4440-AB28-0F9FA2ACA2E6}.Release|Any CPU.ActiveCfg = Release|Any CPU
		{A1B4E7E4-8A61-4440-AB28-0F9FA2ACA2E6}.Release|Any CPU.Build.0 = Release|Any CPU
		{8A606ACC-99B8-457E-8542-0AC6D044EB96}.Debug|Any CPU.ActiveCfg = Debug|Any CPU
		{8A606ACC-99B8-457E-8542-0AC6D044EB96}.Debug|Any CPU.Build.0 = Debug|Any CPU
		{8A606ACC-99B8-457E-8542-0AC6D044EB96}.Release|Any CPU.ActiveCfg = Release|Any CPU
		{8A606ACC-99B8-457E-8542-0AC6D044EB96}.Release|Any CPU.Build.0 = Release|Any CPU
		{279DB886-0B9A-42DD-A1EC-B3A1CCFC1434}.Debug|Any CPU.ActiveCfg = Debug|Any CPU
		{279DB886-0B9A-42DD-A1EC-B3A1CCFC1434}.Debug|Any CPU.Build.0 = Debug|Any CPU
		{279DB886-0B9A-42DD-A1EC-B3A1CCFC1434}.Release|Any CPU.ActiveCfg = Release|Any CPU
		{279DB886-0B9A-42DD-A1EC-B3A1CCFC1434}.Release|Any CPU.Build.0 = Release|Any CPU
		{7985CB96-66B9-4619-A277-7F66A70DFF6E}.Debug|Any CPU.ActiveCfg = Debug|Any CPU
		{7985CB96-66B9-4619-A277-7F66A70DFF6E}.Debug|Any CPU.Build.0 = Debug|Any CPU
		{7985CB96-66B9-4619-A277-7F66A70DFF6E}.Release|Any CPU.ActiveCfg = Release|Any CPU
		{7985CB96-66B9-4619-A277-7F66A70DFF6E}.Release|Any CPU.Build.0 = Release|Any CPU
		{0D0E274F-E8D0-4426-9974-8A19B74E36C3}.Debug|Any CPU.ActiveCfg = Debug|Any CPU
		{0D0E274F-E8D0-4426-9974-8A19B74E36C3}.Debug|Any CPU.Build.0 = Debug|Any CPU
		{0D0E274F-E8D0-4426-9974-8A19B74E36C3}.Release|Any CPU.ActiveCfg = Release|Any CPU
		{0D0E274F-E8D0-4426-9974-8A19B74E36C3}.Release|Any CPU.Build.0 = Release|Any CPU
		{94CDB73F-0065-4815-83EF-64C204C6B8D5}.Debug|Any CPU.ActiveCfg = Debug|Any CPU
		{94CDB73F-0065-4815-83EF-64C204C6B8D5}.Debug|Any CPU.Build.0 = Debug|Any CPU
		{94CDB73F-0065-4815-83EF-64C204C6B8D5}.Release|Any CPU.ActiveCfg = Release|Any CPU
		{94CDB73F-0065-4815-83EF-64C204C6B8D5}.Release|Any CPU.Build.0 = Release|Any CPU
		{73B8FA97-B709-4336-BB90-3CF039D62778}.Debug|Any CPU.ActiveCfg = Debug|Any CPU
		{73B8FA97-B709-4336-BB90-3CF039D62778}.Debug|Any CPU.Build.0 = Debug|Any CPU
		{73B8FA97-B709-4336-BB90-3CF039D62778}.Release|Any CPU.ActiveCfg = Release|Any CPU
		{73B8FA97-B709-4336-BB90-3CF039D62778}.Release|Any CPU.Build.0 = Release|Any CPU
		{E6FFD8F4-01FD-4045-A5E2-3E3B6AEF5D32}.Debug|Any CPU.ActiveCfg = Debug|Any CPU
		{E6FFD8F4-01FD-4045-A5E2-3E3B6AEF5D32}.Debug|Any CPU.Build.0 = Debug|Any CPU
		{E6FFD8F4-01FD-4045-A5E2-3E3B6AEF5D32}.Release|Any CPU.ActiveCfg = Release|Any CPU
		{E6FFD8F4-01FD-4045-A5E2-3E3B6AEF5D32}.Release|Any CPU.Build.0 = Release|Any CPU
		{B5C10D61-42FE-4F45-9484-20A41A608E87}.Debug|Any CPU.ActiveCfg = Debug|Any CPU
		{B5C10D61-42FE-4F45-9484-20A41A608E87}.Debug|Any CPU.Build.0 = Debug|Any CPU
		{B5C10D61-42FE-4F45-9484-20A41A608E87}.Release|Any CPU.ActiveCfg = Release|Any CPU
		{B5C10D61-42FE-4F45-9484-20A41A608E87}.Release|Any CPU.Build.0 = Release|Any CPU
		{08AEDAFA-EBF6-4CF2-AD95-2DDAEF4FA90D}.Debug|Any CPU.ActiveCfg = Debug|Any CPU
		{08AEDAFA-EBF6-4CF2-AD95-2DDAEF4FA90D}.Debug|Any CPU.Build.0 = Debug|Any CPU
		{08AEDAFA-EBF6-4CF2-AD95-2DDAEF4FA90D}.Release|Any CPU.ActiveCfg = Release|Any CPU
		{08AEDAFA-EBF6-4CF2-AD95-2DDAEF4FA90D}.Release|Any CPU.Build.0 = Release|Any CPU
		{01795F00-C3E2-4C51-8BEB-76501CD11B84}.Debug|Any CPU.ActiveCfg = Debug|Any CPU
		{01795F00-C3E2-4C51-8BEB-76501CD11B84}.Debug|Any CPU.Build.0 = Debug|Any CPU
		{01795F00-C3E2-4C51-8BEB-76501CD11B84}.Release|Any CPU.ActiveCfg = Release|Any CPU
		{01795F00-C3E2-4C51-8BEB-76501CD11B84}.Release|Any CPU.Build.0 = Release|Any CPU
		{4F3801AF-7D2A-4420-B5A6-9B64E20E951B}.Debug|Any CPU.ActiveCfg = Debug|Any CPU
		{4F3801AF-7D2A-4420-B5A6-9B64E20E951B}.Debug|Any CPU.Build.0 = Debug|Any CPU
		{4F3801AF-7D2A-4420-B5A6-9B64E20E951B}.Release|Any CPU.ActiveCfg = Release|Any CPU
		{4F3801AF-7D2A-4420-B5A6-9B64E20E951B}.Release|Any CPU.Build.0 = Release|Any CPU
		{830FA0B6-2BC7-401D-9B8F-F0AA5BA45C2E}.Debug|Any CPU.ActiveCfg = Debug|Any CPU
		{830FA0B6-2BC7-401D-9B8F-F0AA5BA45C2E}.Debug|Any CPU.Build.0 = Debug|Any CPU
		{830FA0B6-2BC7-401D-9B8F-F0AA5BA45C2E}.Release|Any CPU.ActiveCfg = Release|Any CPU
		{830FA0B6-2BC7-401D-9B8F-F0AA5BA45C2E}.Release|Any CPU.Build.0 = Release|Any CPU
		{AD81FC10-32CE-4689-805C-3DADAC8C82D6}.Debug|Any CPU.ActiveCfg = Debug|Any CPU
		{AD81FC10-32CE-4689-805C-3DADAC8C82D6}.Debug|Any CPU.Build.0 = Debug|Any CPU
		{AD81FC10-32CE-4689-805C-3DADAC8C82D6}.Release|Any CPU.ActiveCfg = Release|Any CPU
		{AD81FC10-32CE-4689-805C-3DADAC8C82D6}.Release|Any CPU.Build.0 = Release|Any CPU
		{AF8C77C2-499A-4A58-94BD-E56B23F474EF}.Debug|Any CPU.ActiveCfg = Debug|Any CPU
		{AF8C77C2-499A-4A58-94BD-E56B23F474EF}.Debug|Any CPU.Build.0 = Debug|Any CPU
		{AF8C77C2-499A-4A58-94BD-E56B23F474EF}.Release|Any CPU.ActiveCfg = Release|Any CPU
		{AF8C77C2-499A-4A58-94BD-E56B23F474EF}.Release|Any CPU.Build.0 = Release|Any CPU
		{D518F8FE-4A4C-4634-87E6-0F3999531737}.Debug|Any CPU.ActiveCfg = Debug|Any CPU
		{D518F8FE-4A4C-4634-87E6-0F3999531737}.Debug|Any CPU.Build.0 = Debug|Any CPU
		{D518F8FE-4A4C-4634-87E6-0F3999531737}.Release|Any CPU.ActiveCfg = Release|Any CPU
		{D518F8FE-4A4C-4634-87E6-0F3999531737}.Release|Any CPU.Build.0 = Release|Any CPU
		{42E9006E-DAE6-442D-9714-F0F31937B2DA}.Debug|Any CPU.ActiveCfg = Debug|Any CPU
		{42E9006E-DAE6-442D-9714-F0F31937B2DA}.Debug|Any CPU.Build.0 = Debug|Any CPU
		{42E9006E-DAE6-442D-9714-F0F31937B2DA}.Release|Any CPU.ActiveCfg = Release|Any CPU
		{42E9006E-DAE6-442D-9714-F0F31937B2DA}.Release|Any CPU.Build.0 = Release|Any CPU
		{94392AA8-E1E9-43B9-BD34-D3BD3DF2BCCA}.Debug|Any CPU.ActiveCfg = Debug|Any CPU
		{94392AA8-E1E9-43B9-BD34-D3BD3DF2BCCA}.Debug|Any CPU.Build.0 = Debug|Any CPU
		{94392AA8-E1E9-43B9-BD34-D3BD3DF2BCCA}.Release|Any CPU.ActiveCfg = Release|Any CPU
		{94392AA8-E1E9-43B9-BD34-D3BD3DF2BCCA}.Release|Any CPU.Build.0 = Release|Any CPU
		{C249C420-55D8-4133-8C7A-1A110556B7DC}.Debug|Any CPU.ActiveCfg = Debug|Any CPU
		{C249C420-55D8-4133-8C7A-1A110556B7DC}.Debug|Any CPU.Build.0 = Debug|Any CPU
		{C249C420-55D8-4133-8C7A-1A110556B7DC}.Release|Any CPU.ActiveCfg = Release|Any CPU
		{C249C420-55D8-4133-8C7A-1A110556B7DC}.Release|Any CPU.Build.0 = Release|Any CPU
		{9D3F3CA0-E7E5-4162-8A64-85D3DD20220E}.Debug|Any CPU.ActiveCfg = Debug|Any CPU
		{9D3F3CA0-E7E5-4162-8A64-85D3DD20220E}.Debug|Any CPU.Build.0 = Debug|Any CPU
		{9D3F3CA0-E7E5-4162-8A64-85D3DD20220E}.Release|Any CPU.ActiveCfg = Release|Any CPU
		{9D3F3CA0-E7E5-4162-8A64-85D3DD20220E}.Release|Any CPU.Build.0 = Release|Any CPU
		{45F6731E-6F5C-43FE-B639-1A5D87960F1B}.Debug|Any CPU.ActiveCfg = Debug|Any CPU
		{45F6731E-6F5C-43FE-B639-1A5D87960F1B}.Debug|Any CPU.Build.0 = Debug|Any CPU
		{45F6731E-6F5C-43FE-B639-1A5D87960F1B}.Release|Any CPU.ActiveCfg = Release|Any CPU
		{45F6731E-6F5C-43FE-B639-1A5D87960F1B}.Release|Any CPU.Build.0 = Release|Any CPU
	EndGlobalSection
	GlobalSection(SolutionProperties) = preSolution
		HideSolutionNode = FALSE
	EndGlobalSection
	GlobalSection(NestedProjects) = preSolution
		{89F1EB5A-A9D5-4A50-A81D-2612B0D54BAF} = {02EA681E-C7D8-13C7-8484-4AC65E1B71E8}
		{57501BB2-D8FC-4EB8-A5C7-A392EB8FB19B} = {02EA681E-C7D8-13C7-8484-4AC65E1B71E8}
		{483A049D-B66D-480C-B519-52B34DEC1994} = {02EA681E-C7D8-13C7-8484-4AC65E1B71E8}
		{2FD3A442-C86C-4149-870E-A92C9349F5FA} = {02EA681E-C7D8-13C7-8484-4AC65E1B71E8}
		{94D26218-0D32-4B2C-8297-6C69EFACA5ED} = {02EA681E-C7D8-13C7-8484-4AC65E1B71E8}
		{8CA8B2D6-FC89-4FFE-AD55-77FA83460AC3} = {02EA681E-C7D8-13C7-8484-4AC65E1B71E8}
		{0053C700-A812-4B44-B1C1-794FC06D14E6} = {14B3B92C-5191-40B6-9222-7D25D1D7508E}
		{5C4C382B-733B-4120-882C-3889D5B8D812} = {14B3B92C-5191-40B6-9222-7D25D1D7508E}
		{7EB37C3C-1BFA-466C-997A-705463BEA53F} = {14B3B92C-5191-40B6-9222-7D25D1D7508E}
		{CE445A6D-C489-4B64-BD46-6C718B459131} = {14B3B92C-5191-40B6-9222-7D25D1D7508E}
		{EC391590-D8FD-4B37-B529-D3616830EA8F} = {14B3B92C-5191-40B6-9222-7D25D1D7508E}
		{FF92183D-6CEE-4DFA-9621-73EDF6E27DA6} = {DEC0D9EF-01BD-4CC0-8A24-11FF1AA5205B}
		{C5C86762-4A1B-4A72-B914-5C316789FA74} = {DEC0D9EF-01BD-4CC0-8A24-11FF1AA5205B}
		{8F7649C8-926B-4D1E-9AF7-93C937E56E57} = {DEC0D9EF-01BD-4CC0-8A24-11FF1AA5205B}
		{D18BD351-BE92-4697-BC14-D78DFD9C9E68} = {DEC0D9EF-01BD-4CC0-8A24-11FF1AA5205B}
		{7442B37F-4C19-42E8-B931-6B3250DB05C1} = {AD13E58D-0EA8-4F51-9F31-9B0E12DC8BD7}
		{A1B4E7E4-8A61-4440-AB28-0F9FA2ACA2E6} = {AD13E58D-0EA8-4F51-9F31-9B0E12DC8BD7}
		{8A606ACC-99B8-457E-8542-0AC6D044EB96} = {AD13E58D-0EA8-4F51-9F31-9B0E12DC8BD7}
		{279DB886-0B9A-42DD-A1EC-B3A1CCFC1434} = {AD13E58D-0EA8-4F51-9F31-9B0E12DC8BD7}
		{AD13E58D-0EA8-4F51-9F31-9B0E12DC8BD7} = {DEC0D9EF-01BD-4CC0-8A24-11FF1AA5205B}
		{7985CB96-66B9-4619-A277-7F66A70DFF6E} = {B4A5C0F8-22D2-46A3-B952-9ECBC0BC4AC6}
		{0D0E274F-E8D0-4426-9974-8A19B74E36C3} = {B4A5C0F8-22D2-46A3-B952-9ECBC0BC4AC6}
		{B4A5C0F8-22D2-46A3-B952-9ECBC0BC4AC6} = {DEC0D9EF-01BD-4CC0-8A24-11FF1AA5205B}
		{94CDB73F-0065-4815-83EF-64C204C6B8D5} = {B4A5C0F8-22D2-46A3-B952-9ECBC0BC4AC6}
		{73B8FA97-B709-4336-BB90-3CF039D62778} = {B4A5C0F8-22D2-46A3-B952-9ECBC0BC4AC6}
		{76F6E929-8BE6-4F6B-B84B-2EF3900F0014} = {DEC0D9EF-01BD-4CC0-8A24-11FF1AA5205B}
		{01795F00-C3E2-4C51-8BEB-76501CD11B84} = {76F6E929-8BE6-4F6B-B84B-2EF3900F0014}
		{4F3801AF-7D2A-4420-B5A6-9B64E20E951B} = {76F6E929-8BE6-4F6B-B84B-2EF3900F0014}
		{27689D50-3C5E-4BAE-AB2D-4F1AA6899C65} = {DEC0D9EF-01BD-4CC0-8A24-11FF1AA5205B}
		{830FA0B6-2BC7-401D-9B8F-F0AA5BA45C2E} = {27689D50-3C5E-4BAE-AB2D-4F1AA6899C65}
		{AD81FC10-32CE-4689-805C-3DADAC8C82D6} = {27689D50-3C5E-4BAE-AB2D-4F1AA6899C65}
		{5BE1BDF5-5782-4A1F-ACDE-5513B571E50D} = {02EA681E-C7D8-13C7-8484-4AC65E1B71E8}
		{AF8C77C2-499A-4A58-94BD-E56B23F474EF} = {5BE1BDF5-5782-4A1F-ACDE-5513B571E50D}
		{D518F8FE-4A4C-4634-87E6-0F3999531737} = {5BE1BDF5-5782-4A1F-ACDE-5513B571E50D}
		{A924352A-19F9-4E5F-B5E8-5E950F48EEA2} = {DEC0D9EF-01BD-4CC0-8A24-11FF1AA5205B}
		{42E9006E-DAE6-442D-9714-F0F31937B2DA} = {A924352A-19F9-4E5F-B5E8-5E950F48EEA2}
		{94392AA8-E1E9-43B9-BD34-D3BD3DF2BCCA} = {A924352A-19F9-4E5F-B5E8-5E950F48EEA2}
		{C249C420-55D8-4133-8C7A-1A110556B7DC} = {A924352A-19F9-4E5F-B5E8-5E950F48EEA2}
		{9D3F3CA0-E7E5-4162-8A64-85D3DD20220E} = {2ED9941E-BF8E-47D9-BA53-1041DE07865C}
		{45F6731E-6F5C-43FE-B639-1A5D87960F1B} = {2ED9941E-BF8E-47D9-BA53-1041DE07865C}
	EndGlobalSection
	GlobalSection(ExtensibilityGlobals) = postSolution
		SolutionGuid = {7A23CA49-B96A-4F10-936A-8297CAFA0B50}
	EndGlobalSection
EndGlobal
